
Microsoft Visual Studio Solution File, Format Version 12.00
# Visual Studio Version 16
VisualStudioVersion = 16.0.29609.76
MinimumVisualStudioVersion = 10.0.40219.1
Project("{FAE04EC0-301F-11D3-BF4B-00C04F79EFBC}") = "LeetCode_CountPrimes", "LeetCode_CountPrimes\LeetCode_CountPrimes.csproj", "{FC66D4C2-7BBB-4FC7-BC79-C97CBE9BFB89}"
EndProject
Global
	GlobalSection(SolutionConfigurationPlatforms) = preSolution
		Debug|Any CPU = Debug|Any CPU
		Release|Any CPU = Release|Any CPU
	EndGlobalSection
	GlobalSection(ProjectConfigurationPlatforms) = postSolution
		{FC66D4C2-7BBB-4FC7-BC79-C97CBE9BFB89}.Debug|Any CPU.ActiveCfg = Debug|Any CPU
		{FC66D4C2-7BBB-4FC7-BC79-C97CBE9BFB89}.Debug|Any CPU.Build.0 = Debug|Any CPU
		{FC66D4C2-7BBB-4FC7-BC79-C97CBE9BFB89}.Release|Any CPU.ActiveCfg = Release|Any CPU
		{FC66D4C2-7BBB-4FC7-BC79-C97CBE9BFB89}.Release|Any CPU.Build.0 = Release|Any CPU
	EndGlobalSection
	GlobalSection(SolutionProperties) = preSolution
		HideSolutionNode = FALSE
	EndGlobalSection
	GlobalSection(ExtensibilityGlobals) = postSolution
		SolutionGuid = {16266280-9279-4954-A5C3-AC238665EA8C}
	EndGlobalSection
EndGlobal
